
Microsoft Visual Studio Solution File, Format Version 12.00
# Visual Studio Version 17
VisualStudioVersion = 17.8.34511.84
MinimumVisualStudioVersion = 10.0.40219.1
Project("{9A19103F-16F7-4668-BE54-9A1E7A4F7556}") = "UploadFiles", "UploadFiles.csproj", "{AC854931-FCF6-46FF-B45B-73D651FFB8E5}"
EndProject
Project("{FAE04EC0-301F-11D3-BF4B-00C04F79EFBC}") = "UploadFiles.Infrastruction", "C:\Users\Radko\source\repos\UploadFiles.Infrastruction\UploadFiles.Infrastruction.csproj", "{D92A588E-80F4-42EC-B2BA-6A412C448765}"
EndProject
Global
	GlobalSection(SolutionConfigurationPlatforms) = preSolution
		Debug|Any CPU = Debug|Any CPU
		Release|Any CPU = Release|Any CPU
	EndGlobalSection
	GlobalSection(ProjectConfigurationPlatforms) = postSolution
		{AC854931-FCF6-46FF-B45B-73D651FFB8E5}.Debug|Any CPU.ActiveCfg = Debug|Any CPU
		{AC854931-FCF6-46FF-B45B-73D651FFB8E5}.Debug|Any CPU.Build.0 = Debug|Any CPU
		{AC854931-FCF6-46FF-B45B-73D651FFB8E5}.Release|Any CPU.ActiveCfg = Release|Any CPU
		{AC854931-FCF6-46FF-B45B-73D651FFB8E5}.Release|Any CPU.Build.0 = Release|Any CPU
		{D92A588E-80F4-42EC-B2BA-6A412C448765}.Debug|Any CPU.ActiveCfg = Debug|Any CPU
		{D92A588E-80F4-42EC-B2BA-6A412C448765}.Debug|Any CPU.Build.0 = Debug|Any CPU
		{D92A588E-80F4-42EC-B2BA-6A412C448765}.Release|Any CPU.ActiveCfg = Release|Any CPU
		{D92A588E-80F4-42EC-B2BA-6A412C448765}.Release|Any CPU.Build.0 = Release|Any CPU
	EndGlobalSection
	GlobalSection(SolutionProperties) = preSolution
		HideSolutionNode = FALSE
	EndGlobalSection
	GlobalSection(ExtensibilityGlobals) = postSolution
		SolutionGuid = {50C3BFED-ECE8-4D07-B5C4-F2637576B622}
	EndGlobalSection
EndGlobal
